
Microsoft Visual Studio Solution File, Format Version 12.00
# Visual Studio Version 17
VisualStudioVersion = 17.10.34916.146
MinimumVisualStudioVersion = 10.0.40219.1
Project("{FAE04EC0-301F-11D3-BF4B-00C04F79EFBC}") = "SinglePageTask", "SinglePageTask.csproj", "{37296008-4E2E-4A1D-857B-B7FD6F1941A4}"
EndProject
Global
	GlobalSection(SolutionConfigurationPlatforms) = preSolution
		Debug|Any CPU = Debug|Any CPU
		Release|Any CPU = Release|Any CPU
	EndGlobalSection
	GlobalSection(ProjectConfigurationPlatforms) = postSolution
		{37296008-4E2E-4A1D-857B-B7FD6F1941A4}.Debug|Any CPU.ActiveCfg = Debug|Any CPU
		{37296008-4E2E-4A1D-857B-B7FD6F1941A4}.Debug|Any CPU.Build.0 = Debug|Any CPU
		{37296008-4E2E-4A1D-857B-B7FD6F1941A4}.Release|Any CPU.ActiveCfg = Release|Any CPU
		{37296008-4E2E-4A1D-857B-B7FD6F1941A4}.Release|Any CPU.Build.0 = Release|Any CPU
	EndGlobalSection
	GlobalSection(SolutionProperties) = preSolution
		HideSolutionNode = FALSE
	EndGlobalSection
	GlobalSection(ExtensibilityGlobals) = postSolution
		SolutionGuid = {19CBE666-9DF1-42DC-A694-F2F4432CCEA4}
	EndGlobalSection
EndGlobal
